
Microsoft Visual Studio Solution File, Format Version 12.00
# Visual Studio Version 17
VisualStudioVersion = 17.14.36616.10 d17.14
MinimumVisualStudioVersion = 10.0.40219.1
Project("{FAE04EC0-301F-11D3-BF4B-00C04F79EFBC}") = "LR4_White_Box_Testing", "LR4_White_Box_Testing\LR4_White_Box_Testing.csproj", "{43F174EC-A60B-426C-99AE-17BC7661EEDC}"
EndProject
Global
	GlobalSection(SolutionConfigurationPlatforms) = preSolution
		Debug|Any CPU = Debug|Any CPU
		Release|Any CPU = Release|Any CPU
	EndGlobalSection
	GlobalSection(ProjectConfigurationPlatforms) = postSolution
		{43F174EC-A60B-426C-99AE-17BC7661EEDC}.Debug|Any CPU.ActiveCfg = Debug|Any CPU
		{43F174EC-A60B-426C-99AE-17BC7661EEDC}.Debug|Any CPU.Build.0 = Debug|Any CPU
		{43F174EC-A60B-426C-99AE-17BC7661EEDC}.Release|Any CPU.ActiveCfg = Release|Any CPU
		{43F174EC-A60B-426C-99AE-17BC7661EEDC}.Release|Any CPU.Build.0 = Release|Any CPU
	EndGlobalSection
	GlobalSection(SolutionProperties) = preSolution
		HideSolutionNode = FALSE
	EndGlobalSection
	GlobalSection(ExtensibilityGlobals) = postSolution
		SolutionGuid = {EECBA8FC-A0A4-40CD-A578-5FB0409BF8C0}
	EndGlobalSection
EndGlobal
