
Microsoft Visual Studio Solution File, Format Version 12.00
# Visual Studio Version 17
VisualStudioVersion = 17.14.36616.10 d17.14
MinimumVisualStudioVersion = 10.0.40219.1
Project("{FAE04EC0-301F-11D3-BF4B-00C04F79EFBC}") = "LR7_Module_Testing", "LR7_Module_Testing\LR7_Module_Testing.csproj", "{6C3F52BE-C6F1-4A38-A4F9-950683FD6554}"
EndProject
Project("{FAE04EC0-301F-11D3-BF4B-00C04F79EFBC}") = "LR7_Module_Testing.Tests", "LR7_Module_Testing.Tests\LR7_Module_Testing.Tests.csproj", "{DF2643C4-5130-4A4D-A4F6-D5F4F42CE20A}"
EndProject
Global
	GlobalSection(SolutionConfigurationPlatforms) = preSolution
		Debug|Any CPU = Debug|Any CPU
		Release|Any CPU = Release|Any CPU
	EndGlobalSection
	GlobalSection(ProjectConfigurationPlatforms) = postSolution
		{6C3F52BE-C6F1-4A38-A4F9-950683FD6554}.Debug|Any CPU.ActiveCfg = Debug|Any CPU
		{6C3F52BE-C6F1-4A38-A4F9-950683FD6554}.Debug|Any CPU.Build.0 = Debug|Any CPU
		{6C3F52BE-C6F1-4A38-A4F9-950683FD6554}.Release|Any CPU.ActiveCfg = Release|Any CPU
		{6C3F52BE-C6F1-4A38-A4F9-950683FD6554}.Release|Any CPU.Build.0 = Release|Any CPU
		{DF2643C4-5130-4A4D-A4F6-D5F4F42CE20A}.Debug|Any CPU.ActiveCfg = Debug|Any CPU
		{DF2643C4-5130-4A4D-A4F6-D5F4F42CE20A}.Debug|Any CPU.Build.0 = Debug|Any CPU
		{DF2643C4-5130-4A4D-A4F6-D5F4F42CE20A}.Release|Any CPU.ActiveCfg = Release|Any CPU
		{DF2643C4-5130-4A4D-A4F6-D5F4F42CE20A}.Release|Any CPU.Build.0 = Release|Any CPU
	EndGlobalSection
	GlobalSection(SolutionProperties) = preSolution
		HideSolutionNode = FALSE
	EndGlobalSection
	GlobalSection(ExtensibilityGlobals) = postSolution
		SolutionGuid = {3BD28B7A-C8EF-46E4-BA02-6A991FABB9DF}
	EndGlobalSection
EndGlobal
